<?xml version="1.0" encoding="utf-8"?>
<Project ToolsVersion="4.0" xmlns="http://schemas.microsoft.com/developer/msbuild/2003">
  <ItemGroup>
    <Filter Include="Source Files">
      <UniqueIdentifier>{4FC737F1-C7A5-4376-A066-2A32D752A2FF}</UniqueIdentifier>
      <Extensions>cpp;c;cc;cxx;c++;cppm;ixx;def;odl;idl;hpj;bat;asm;asmx</Extensions>
    </Filter>
    <Filter Include="Header Files">
      <UniqueIdentifier>{93995380-89BD-4b04-88EB-625FBE52EBFB}</UniqueIdentifier>
      <Extensions>h;hh;hpp;hxx;h++;hm;inl;inc;ipp;xsd</Extensions>
    </Filter>
    <Filter Include="Resource Files">
      <UniqueIdentifier>{67DA6AB6-F800-4c08-8B7A-83BB121AAD01}</UniqueIdentifier>
      <Extensions>rc;ico;cur;bmp;dlg;rc2;rct;bin;rgs;gif;jpg;jpeg;jpe;resx;tiff;tif;png;wav;mfcribbon-ms</Extensions>
    </Filter>
  </ItemGroup>
  <ItemGroup>
    <ClCompile Include="src\main.cpp">
      <Filter>Source Files</Filter>
    </ClCompile>
    <ClCompile Include="src\BoardTiles\BoardTile.cpp">
      <Filter>Source Files</Filter>
    </ClCompile>
    <ClCompile Include="src\BoardTiles\NormalTile.cpp">
      <Filter>Source Files</Filter>
    </ClCompile>
    <ClCompile Include="src\BoardTiles\DwTile.cpp">
      <Filter>Source Files</Filter>
    </ClCompile>
    <ClCompile Include="src\BoardTiles\BoardTileFactory.cpp">
      <Filter>Source Files</Filter>
    </ClCompile>
    <ClCompile Include="src\Game\Game.cpp">
      <Filter>Source Files</Filter>
    </ClCompile>
    <ClCompile Include="include\Board\Layout.h">
      <Filter>Source Files</Filter>
    </ClCompile>
    <ClCompile Include="src\Game\GameRender.cpp">
      <Filter>Source Files</Filter>
    </ClCompile>
    <ClCompile Include="src\Letter\LetterTile.cpp">
      <Filter>Source Files</Filter>
    </ClCompile>
  </ItemGroup>
  <ItemGroup>
    <Image Include="assets\darkgreen.png">
      <Filter>Resource Files</Filter>
    </Image>
    <Image Include="assets\green.png">
      <Filter>Resource Files</Filter>
    </Image>
    <Image Include="assets\brown.png">
      <Filter>Resource Files</Filter>
    </Image>
    <Image Include="assets\red.png">
      <Filter>Resource Files</Filter>
    </Image>
    <Image Include="assets\silver.png">
      <Filter>Resource Files</Filter>
    </Image>
    <Image Include="assets\woodtiles.png">
      <Filter>Resource Files</Filter>
    </Image>
    <Image Include="assets\start.png">
      <Filter>Resource Files</Filter>
    </Image>
    <Image Include="assets\tilemap.PNG">
      <Filter>Resource Files</Filter>
    </Image>
  </ItemGroup>
  <ItemGroup>
    <ClInclude Include="include\Common\Enums.h">
      <Filter>Header Files</Filter>
    </ClInclude>
    <ClInclude Include="include\Board\NormalBoard.h">
      <Filter>Header Files</Filter>
    </ClInclude>
    <ClInclude Include="include\Common\Constants.h">
      <Filter>Header Files</Filter>
    </ClInclude>
    <ClInclude Include="include\Board\BoardTile.h">
      <Filter>Header Files</Filter>
    </ClInclude>
    <ClInclude Include="include\Board\NormalTile.h">
      <Filter>Header Files</Filter>
    </ClInclude>
    <ClInclude Include="include\Board\DwTile.h">
      <Filter>Header Files</Filter>
    </ClInclude>
    <ClInclude Include="include\Board\BoardTileFactory.h">
      <Filter>Header Files</Filter>
    </ClInclude>
    <ClInclude Include="include\Game\Game.h">
      <Filter>Header Files</Filter>
    </ClInclude>
    <ClInclude Include="include\Game\GameRender.h">
      <Filter>Header Files</Filter>
    </ClInclude>
    <ClInclude Include="include\Letter\LetterTile.h">
      <Filter>Header Files</Filter>
    </ClInclude>
  </ItemGroup>
</Project>